
Microsoft Visual Studio Solution File, Format Version 12.00
# Visual Studio 15
VisualStudioVersion = 15.0.27703.2035
MinimumVisualStudioVersion = 10.0.40219.1
Project("{FAE04EC0-301F-11D3-BF4B-00C04F79EFBC}") = "Web-Developer-Test", "Web-Developer-Test\Web-Developer-Test.csproj", "{CF8BB323-FB47-4C97-A28C-B8DF4140B832}"
EndProject
Global
	GlobalSection(SolutionConfigurationPlatforms) = preSolution
		Debug|Any CPU = Debug|Any CPU
		Release|Any CPU = Release|Any CPU
	EndGlobalSection
	GlobalSection(ProjectConfigurationPlatforms) = postSolution
		{CF8BB323-FB47-4C97-A28C-B8DF4140B832}.Debug|Any CPU.ActiveCfg = Debug|Any CPU
		{CF8BB323-FB47-4C97-A28C-B8DF4140B832}.Debug|Any CPU.Build.0 = Debug|Any CPU
		{CF8BB323-FB47-4C97-A28C-B8DF4140B832}.Release|Any CPU.ActiveCfg = Release|Any CPU
		{CF8BB323-FB47-4C97-A28C-B8DF4140B832}.Release|Any CPU.Build.0 = Release|Any CPU
	EndGlobalSection
	GlobalSection(SolutionProperties) = preSolution
		HideSolutionNode = FALSE
	EndGlobalSection
	GlobalSection(ExtensibilityGlobals) = postSolution
		SolutionGuid = {EDA9C18E-025A-4FD4-AD08-7324C863F4B0}
	EndGlobalSection
EndGlobal
